
Microsoft Visual Studio Solution File, Format Version 12.00
# Visual Studio 14
VisualStudioVersion = 14.0.25123.0
MinimumVisualStudioVersion = 10.0.40219.1
Project("{FAE04EC0-301F-11D3-BF4B-00C04F79EFBC}") = "IsaasetTech", "IsaasetTech\IsaasetTech.csproj", "{0F760D9E-2DD0-49BB-BFEC-653E0A104FCC}"
EndProject
Project("{FAE04EC0-301F-11D3-BF4B-00C04F79EFBC}") = "IsaasetTech.Tests", "IsaasetTech.Tests\IsaasetTech.Tests.csproj", "{4C73BFF2-3BDF-457A-8A58-5E6EA187FAF3}"
EndProject
Global
	GlobalSection(SolutionConfigurationPlatforms) = preSolution
		Debug|Any CPU = Debug|Any CPU
		Release|Any CPU = Release|Any CPU
	EndGlobalSection
	GlobalSection(ProjectConfigurationPlatforms) = postSolution
		{0F760D9E-2DD0-49BB-BFEC-653E0A104FCC}.Debug|Any CPU.ActiveCfg = Debug|Any CPU
		{0F760D9E-2DD0-49BB-BFEC-653E0A104FCC}.Debug|Any CPU.Build.0 = Debug|Any CPU
		{0F760D9E-2DD0-49BB-BFEC-653E0A104FCC}.Release|Any CPU.ActiveCfg = Release|Any CPU
		{0F760D9E-2DD0-49BB-BFEC-653E0A104FCC}.Release|Any CPU.Build.0 = Release|Any CPU
		{4C73BFF2-3BDF-457A-8A58-5E6EA187FAF3}.Debug|Any CPU.ActiveCfg = Debug|Any CPU
		{4C73BFF2-3BDF-457A-8A58-5E6EA187FAF3}.Debug|Any CPU.Build.0 = Debug|Any CPU
		{4C73BFF2-3BDF-457A-8A58-5E6EA187FAF3}.Release|Any CPU.ActiveCfg = Release|Any CPU
		{4C73BFF2-3BDF-457A-8A58-5E6EA187FAF3}.Release|Any CPU.Build.0 = Release|Any CPU
	EndGlobalSection
	GlobalSection(SolutionProperties) = preSolution
		HideSolutionNode = FALSE
	EndGlobalSection
EndGlobal
